// !$*UTF8*$!
{
	archiveVersion = 1;
	classes = {
	};
	objectVersion = 50;
	objects = {

/* Begin PBXBuildFile section */
		AA4DC206270051E8007604BC /* AppDelegate.swift in Sources */ = {isa = PBXBuildFile; fileRef = AA4DC205270051E8007604BC /* AppDelegate.swift */; };
		AA4DC208270051E8007604BC /* SceneDelegate.swift in Sources */ = {isa = PBXBuildFile; fileRef = AA4DC207270051E8007604BC /* SceneDelegate.swift */; };
		AA4DC20A270051E8007604BC /* ConversationVC.swift in Sources */ = {isa = PBXBuildFile; fileRef = AA4DC209270051E8007604BC /* ConversationVC.swift */; };
		AA4DC20D270051E8007604BC /* Main.storyboard in Resources */ = {isa = PBXBuildFile; fileRef = AA4DC20B270051E8007604BC /* Main.storyboard */; };
		AA4DC20F270051EC007604BC /* Assets.xcassets in Resources */ = {isa = PBXBuildFile; fileRef = AA4DC20E270051EC007604BC /* Assets.xcassets */; };
		AA4DC212270051EC007604BC /* LaunchScreen.storyboard in Resources */ = {isa = PBXBuildFile; fileRef = AA4DC210270051EC007604BC /* LaunchScreen.storyboard */; };
		AA4DC2232701BBD1007604BC /* LoginVC.swift in Sources */ = {isa = PBXBuildFile; fileRef = AA4DC2222701BBD1007604BC /* LoginVC.swift */; };
		AA4DC2252701BBE0007604BC /* RegisterVC.swift in Sources */ = {isa = PBXBuildFile; fileRef = AA4DC2242701BBE0007604BC /* RegisterVC.swift */; };
		AA4DC2282701BC2D007604BC /* PhotoViewerVC.swift in Sources */ = {isa = PBXBuildFile; fileRef = AA4DC2272701BC2D007604BC /* PhotoViewerVC.swift */; };
		AA4DC22A2701BC50007604BC /* VideoPlayerVC.swift in Sources */ = {isa = PBXBuildFile; fileRef = AA4DC2292701BC50007604BC /* VideoPlayerVC.swift */; };
		AA4DC22C2701BC72007604BC /* NewConversationVC.swift in Sources */ = {isa = PBXBuildFile; fileRef = AA4DC22B2701BC72007604BC /* NewConversationVC.swift */; };
		AA4DC22E2701BC86007604BC /* ProfileVC.swift in Sources */ = {isa = PBXBuildFile; fileRef = AA4DC22D2701BC86007604BC /* ProfileVC.swift */; };
		AA4DC2302701F9AF007604BC /* Extentions.swift in Sources */ = {isa = PBXBuildFile; fileRef = AA4DC22F2701F9AF007604BC /* Extentions.swift */; };
/* End PBXBuildFile section */

/* Begin PBXFileReference section */
		AA4DC202270051E8007604BC /* Messenger.app */ = {isa = PBXFileReference; explicitFileType = wrapper.application; includeInIndex = 0; path = Messenger.app; sourceTree = BUILT_PRODUCTS_DIR; };
		AA4DC205270051E8007604BC /* AppDelegate.swift */ = {isa = PBXFileReference; lastKnownFileType = sourcecode.swift; path = AppDelegate.swift; sourceTree = "<group>"; };
		AA4DC207270051E8007604BC /* SceneDelegate.swift */ = {isa = PBXFileReference; lastKnownFileType = sourcecode.swift; path = SceneDelegate.swift; sourceTree = "<group>"; };
		AA4DC209270051E8007604BC /* ConversationVC.swift */ = {isa = PBXFileReference; lastKnownFileType = sourcecode.swift; path = ConversationVC.swift; sourceTree = "<group>"; };
		AA4DC20C270051E8007604BC /* Base */ = {isa = PBXFileReference; lastKnownFileType = file.storyboard; name = Base; path = Base.lproj/Main.storyboard; sourceTree = "<group>"; };
		AA4DC20E270051EC007604BC /* Assets.xcassets */ = {isa = PBXFileReference; lastKnownFileType = folder.assetcatalog; path = Assets.xcassets; sourceTree = "<group>"; };
		AA4DC211270051EC007604BC /* Base */ = {isa = PBXFileReference; lastKnownFileType = file.storyboard; name = Base; path = Base.lproj/LaunchScreen.storyboard; sourceTree = "<group>"; };
		AA4DC213270051EC007604BC /* Info.plist */ = {isa = PBXFileReference; lastKnownFileType = text.plist.xml; path = Info.plist; sourceTree = "<group>"; };
		AA4DC2222701BBD1007604BC /* LoginVC.swift */ = {isa = PBXFileReference; lastKnownFileType = sourcecode.swift; path = LoginVC.swift; sourceTree = "<group>"; };
		AA4DC2242701BBE0007604BC /* RegisterVC.swift */ = {isa = PBXFileReference; lastKnownFileType = sourcecode.swift; path = RegisterVC.swift; sourceTree = "<group>"; };
		AA4DC2272701BC2D007604BC /* PhotoViewerVC.swift */ = {isa = PBXFileReference; lastKnownFileType = sourcecode.swift; path = PhotoViewerVC.swift; sourceTree = "<group>"; };
		AA4DC2292701BC50007604BC /* VideoPlayerVC.swift */ = {isa = PBXFileReference; lastKnownFileType = sourcecode.swift; path = VideoPlayerVC.swift; sourceTree = "<group>"; };
		AA4DC22B2701BC72007604BC /* NewConversationVC.swift */ = {isa = PBXFileReference; lastKnownFileType = sourcecode.swift; path = NewConversationVC.swift; sourceTree = "<group>"; };
		AA4DC22D2701BC86007604BC /* ProfileVC.swift */ = {isa = PBXFileReference; lastKnownFileType = sourcecode.swift; path = ProfileVC.swift; sourceTree = "<group>"; };
		AA4DC22F2701F9AF007604BC /* Extentions.swift */ = {isa = PBXFileReference; lastKnownFileType = sourcecode.swift; path = Extentions.swift; sourceTree = "<group>"; };
/* End PBXFileReference section */

/* Begin PBXFrameworksBuildPhase section */
		AA4DC1FF270051E8007604BC /* Frameworks */ = {
			isa = PBXFrameworksBuildPhase;
			buildActionMask = 2147483647;
			files = (
			);
			runOnlyForDeploymentPostprocessing = 0;
		};
/* End PBXFrameworksBuildPhase section */

/* Begin PBXGroup section */
		AA4DC1F9270051E7007604BC = {
			isa = PBXGroup;
			children = (
				AA4DC204270051E8007604BC /* Messenger */,
				AA4DC203270051E8007604BC /* Products */,
			);
			sourceTree = "<group>";
		};
		AA4DC203270051E8007604BC /* Products */ = {
			isa = PBXGroup;
			children = (
				AA4DC202270051E8007604BC /* Messenger.app */,
			);
			name = Products;
			sourceTree = "<group>";
		};
		AA4DC204270051E8007604BC /* Messenger */ = {
			isa = PBXGroup;
			children = (
				AA4DC21A2700522F007604BC /* Resources */,
				AA4DC21F2700527E007604BC /* ViewModels */,
				AA4DC21E27005277007604BC /* Models */,
				AA4DC21B27005238007604BC /* Controllers */,
				AA4DC21C27005249007604BC /* Views */,
				AA4DC213270051EC007604BC /* Info.plist */,
			);
			path = Messenger;
			sourceTree = "<group>";
		};
		AA4DC21A2700522F007604BC /* Resources */ = {
			isa = PBXGroup;
			children = (
				AA4DC205270051E8007604BC /* AppDelegate.swift */,
				AA4DC207270051E8007604BC /* SceneDelegate.swift */,
				AA4DC22F2701F9AF007604BC /* Extentions.swift */,
			);
			path = Resources;
			sourceTree = "<group>";
		};
		AA4DC21B27005238007604BC /* Controllers */ = {
			isa = PBXGroup;
			children = (
				AA4DC209270051E8007604BC /* ConversationVC.swift */,
				AA4DC2212701BB87007604BC /* Account */,
				AA4DC2262701BC0E007604BC /* Media */,
				AA4DC22B2701BC72007604BC /* NewConversationVC.swift */,
				AA4DC22D2701BC86007604BC /* ProfileVC.swift */,
			);
			path = Controllers;
			sourceTree = "<group>";
		};
		AA4DC21C27005249007604BC /* Views */ = {
			isa = PBXGroup;
			children = (
				AA4DC220270052AF007604BC /* Storyboard */,
				AA4DC20E270051EC007604BC /* Assets.xcassets */,
			);
			path = Views;
			sourceTree = "<group>";
		};
		AA4DC21E27005277007604BC /* Models */ = {
			isa = PBXGroup;
			children = (
			);
			path = Models;
			sourceTree = "<group>";
		};
		AA4DC21F2700527E007604BC /* ViewModels */ = {
			isa = PBXGroup;
			children = (
			);
			path = ViewModels;
			sourceTree = "<group>";
		};
		AA4DC220270052AF007604BC /* Storyboard */ = {
			isa = PBXGroup;
			children = (
				AA4DC20B270051E8007604BC /* Main.storyboard */,
				AA4DC210270051EC007604BC /* LaunchScreen.storyboard */,
			);
			path = Storyboard;
			sourceTree = "<group>";
		};
		AA4DC2212701BB87007604BC /* Account */ = {
			isa = PBXGroup;
			children = (
				AA4DC2222701BBD1007604BC /* LoginVC.swift */,
				AA4DC2242701BBE0007604BC /* RegisterVC.swift */,
			);
			path = Account;
			sourceTree = "<group>";
		};
		AA4DC2262701BC0E007604BC /* Media */ = {
			isa = PBXGroup;
			children = (
				AA4DC2272701BC2D007604BC /* PhotoViewerVC.swift */,
				AA4DC2292701BC50007604BC /* VideoPlayerVC.swift */,
			);
			path = Media;
			sourceTree = "<group>";
		};
/* End PBXGroup section */

/* Begin PBXNativeTarget section */
		AA4DC201270051E8007604BC /* Messenger */ = {
			isa = PBXNativeTarget;
			buildConfigurationList = AA4DC216270051EC007604BC /* Build configuration list for PBXNativeTarget "Messenger" */;
			buildPhases = (
				AA4DC1FE270051E8007604BC /* Sources */,
				AA4DC1FF270051E8007604BC /* Frameworks */,
				AA4DC200270051E8007604BC /* Resources */,
			);
			buildRules = (
			);
			dependencies = (
			);
			name = Messenger;
			productName = Messenger;
			productReference = AA4DC202270051E8007604BC /* Messenger.app */;
			productType = "com.apple.product-type.application";
		};
/* End PBXNativeTarget section */

/* Begin PBXProject section */
		AA4DC1FA270051E7007604BC /* Project object */ = {
			isa = PBXProject;
			attributes = {
				LastSwiftUpdateCheck = 1250;
				LastUpgradeCheck = 1250;
				TargetAttributes = {
					AA4DC201270051E8007604BC = {
						CreatedOnToolsVersion = 12.5.1;
					};
				};
			};
			buildConfigurationList = AA4DC1FD270051E8007604BC /* Build configuration list for PBXProject "Messenger" */;
			compatibilityVersion = "Xcode 9.3";
			developmentRegion = en;
			hasScannedForEncodings = 0;
			knownRegions = (
				en,
				Base,
			);
			mainGroup = AA4DC1F9270051E7007604BC;
			productRefGroup = AA4DC203270051E8007604BC /* Products */;
			projectDirPath = "";
			projectRoot = "";
			targets = (
				AA4DC201270051E8007604BC /* Messenger */,
			);
		};
/* End PBXProject section */

/* Begin PBXResourcesBuildPhase section */
		AA4DC200270051E8007604BC /* Resources */ = {
			isa = PBXResourcesBuildPhase;
			buildActionMask = 2147483647;
			files = (
				AA4DC212270051EC007604BC /* LaunchScreen.storyboard in Resources */,
				AA4DC20F270051EC007604BC /* Assets.xcassets in Resources */,
				AA4DC20D270051E8007604BC /* Main.storyboard in Resources */,
			);
			runOnlyForDeploymentPostprocessing = 0;
		};
/* End PBXResourcesBuildPhase section */

/* Begin PBXSourcesBuildPhase section */
		AA4DC1FE270051E8007604BC /* Sources */ = {
			isa = PBXSourcesBuildPhase;
			buildActionMask = 2147483647;
			files = (
				AA4DC22C2701BC72007604BC /* NewConversationVC.swift in Sources */,
				AA4DC22A2701BC50007604BC /* VideoPlayerVC.swift in Sources */,
				AA4DC2302701F9AF007604BC /* Extentions.swift in Sources */,
				AA4DC20A270051E8007604BC /* ConversationVC.swift in Sources */,
				AA4DC22E2701BC86007604BC /* ProfileVC.swift in Sources */,
				AA4DC206270051E8007604BC /* AppDelegate.swift in Sources */,
				AA4DC2232701BBD1007604BC /* LoginVC.swift in Sources */,
				AA4DC2282701BC2D007604BC /* PhotoViewerVC.swift in Sources */,
				AA4DC208270051E8007604BC /* SceneDelegate.swift in Sources */,
				AA4DC2252701BBE0007604BC /* RegisterVC.swift in Sources */,
			);
			runOnlyForDeploymentPostprocessing = 0;
		};
/* End PBXSourcesBuildPhase section */

/* Begin PBXVariantGroup section */
		AA4DC20B270051E8007604BC /* Main.storyboard */ = {
			isa = PBXVariantGroup;
			children = (
				AA4DC20C270051E8007604BC /* Base */,
			);
			name = Main.storyboard;
			sourceTree = "<group>";
		};
		AA4DC210270051EC007604BC /* LaunchScreen.storyboard */ = {
			isa = PBXVariantGroup;
			children = (
				AA4DC211270051EC007604BC /* Base */,
			);
			name = LaunchScreen.storyboard;
			sourceTree = "<group>";
		};
/* End PBXVariantGroup section */

/* Begin XCBuildConfiguration section */
		AA4DC214270051EC007604BC /* Debug */ = {
			isa = XCBuildConfiguration;
			buildSettings = {
				ALWAYS_SEARCH_USER_PATHS = NO;
				CLANG_ANALYZER_NONNULL = YES;
				CLANG_ANALYZER_NUMBER_OBJECT_CONVERSION = YES_AGGRESSIVE;
				CLANG_CXX_LANGUAGE_STANDARD = "gnu++14";
				CLANG_CXX_LIBRARY = "libc++";
				CLANG_ENABLE_MODULES = YES;
				CLANG_ENABLE_OBJC_ARC = YES;
				CLANG_ENABLE_OBJC_WEAK = YES;
				CLANG_WARN_BLOCK_CAPTURE_AUTORELEASING = YES;
				CLANG_WARN_BOOL_CONVERSION = YES;
				CLANG_WARN_COMMA = YES;
				CLANG_WARN_CONSTANT_CONVERSION = YES;
				CLANG_WARN_DEPRECATED_OBJC_IMPLEMENTATIONS = YES;
				CLANG_WARN_DIRECT_OBJC_ISA_USAGE = YES_ERROR;
				CLANG_WARN_DOCUMENTATION_COMMENTS = YES;
				CLANG_WARN_EMPTY_BODY = YES;
				CLANG_WARN_ENUM_CONVERSION = YES;
				CLANG_WARN_INFINITE_RECURSION = YES;
				CLANG_WARN_INT_CONVERSION = YES;
				CLANG_WARN_NON_LITERAL_NULL_CONVERSION = YES;
				CLANG_WARN_OBJC_IMPLICIT_RETAIN_SELF = YES;
				CLANG_WARN_OBJC_LITERAL_CONVERSION = YES;
				CLANG_WARN_OBJC_ROOT_CLASS = YES_ERROR;
				CLANG_WARN_QUOTED_INCLUDE_IN_FRAMEWORK_HEADER = YES;
				CLANG_WARN_RANGE_LOOP_ANALYSIS = YES;
				CLANG_WARN_STRICT_PROTOTYPES = YES;
				CLANG_WARN_SUSPICIOUS_MOVE = YES;
				CLANG_WARN_UNGUARDED_AVAILABILITY = YES_AGGRESSIVE;
				CLANG_WARN_UNREACHABLE_CODE = YES;
				CLANG_WARN__DUPLICATE_METHOD_MATCH = YES;
				COPY_PHASE_STRIP = NO;
				DEBUG_INFORMATION_FORMAT = dwarf;
				ENABLE_STRICT_OBJC_MSGSEND = YES;
				ENABLE_TESTABILITY = YES;
				GCC_C_LANGUAGE_STANDARD = gnu11;
				GCC_DYNAMIC_NO_PIC = NO;
				GCC_NO_COMMON_BLOCKS = YES;
				GCC_OPTIMIZATION_LEVEL = 0;
				GCC_PREPROCESSOR_DEFINITIONS = (
					"DEBUG=1",
					"$(inherited)",
				);
				GCC_WARN_64_TO_32_BIT_CONVERSION = YES;
				GCC_WARN_ABOUT_RETURN_TYPE = YES_ERROR;
				GCC_WARN_UNDECLARED_SELECTOR = YES;
				GCC_WARN_UNINITIALIZED_AUTOS = YES_AGGRESSIVE;
				GCC_WARN_UNUSED_FUNCTION = YES;
				GCC_WARN_UNUSED_VARIABLE = YES;
				IPHONEOS_DEPLOYMENT_TARGET = 14.5;
				MTL_ENABLE_DEBUG_INFO = INCLUDE_SOURCE;
				MTL_FAST_MATH = YES;
				ONLY_ACTIVE_ARCH = YES;
				SDKROOT = iphoneos;
				SWIFT_ACTIVE_COMPILATION_CONDITIONS = DEBUG;
				SWIFT_OPTIMIZATION_LEVEL = "-Onone";
			};
			name = Debug;
		};
		AA4DC215270051EC007604BC /* Release */ = {
			isa = XCBuildConfiguration;
			buildSettings = {
				ALWAYS_SEARCH_USER_PATHS = NO;
				CLANG_ANALYZER_NONNULL = YES;
				CLANG_ANALYZER_NUMBER_OBJECT_CONVERSION = YES_AGGRESSIVE;
				CLANG_CXX_LANGUAGE_STANDARD = "gnu++14";
				CLANG_CXX_LIBRARY = "libc++";
				CLANG_ENABLE_MODULES = YES;
				CLANG_ENABLE_OBJC_ARC = YES;
				CLANG_ENABLE_OBJC_WEAK = YES;
				CLANG_WARN_BLOCK_CAPTURE_AUTORELEASING = YES;
				CLANG_WARN_BOOL_CONVERSION = YES;
				CLANG_WARN_COMMA = YES;
				CLANG_WARN_CONSTANT_CONVERSION = YES;
				CLANG_WARN_DEPRECATED_OBJC_IMPLEMENTATIONS = YES;
				CLANG_WARN_DIRECT_OBJC_ISA_USAGE = YES_ERROR;
				CLANG_WARN_DOCUMENTATION_COMMENTS = YES;
				CLANG_WARN_EMPTY_BODY = YES;
				CLANG_WARN_ENUM_CONVERSION = YES;
				CLANG_WARN_INFINITE_RECURSION = YES;
				CLANG_WARN_INT_CONVERSION = YES;
				CLANG_WARN_NON_LITERAL_NULL_CONVERSION = YES;
				CLANG_WARN_OBJC_IMPLICIT_RETAIN_SELF = YES;
				CLANG_WARN_OBJC_LITERAL_CONVERSION = YES;
				CLANG_WARN_OBJC_ROOT_CLASS = YES_ERROR;
				CLANG_WARN_QUOTED_INCLUDE_IN_FRAMEWORK_HEADER = YES;
				CLANG_WARN_RANGE_LOOP_ANALYSIS = YES;
				CLANG_WARN_STRICT_PROTOTYPES = YES;
				CLANG_WARN_SUSPICIOUS_MOVE = YES;
				CLANG_WARN_UNGUARDED_AVAILABILITY = YES_AGGRESSIVE;
				CLANG_WARN_UNREACHABLE_CODE = YES;
				CLANG_WARN__DUPLICATE_METHOD_MATCH = YES;
				COPY_PHASE_STRIP = NO;
				DEBUG_INFORMATION_FORMAT = "dwarf-with-dsym";
				ENABLE_NS_ASSERTIONS = NO;
				ENABLE_STRICT_OBJC_MSGSEND = YES;
				GCC_C_LANGUAGE_STANDARD = gnu11;
				GCC_NO_COMMON_BLOCKS = YES;
				GCC_WARN_64_TO_32_BIT_CONVERSION = YES;
				GCC_WARN_ABOUT_RETURN_TYPE = YES_ERROR;
				GCC_WARN_UNDECLARED_SELECTOR = YES;
				GCC_WARN_UNINITIALIZED_AUTOS = YES_AGGRESSIVE;
				GCC_WARN_UNUSED_FUNCTION = YES;
				GCC_WARN_UNUSED_VARIABLE = YES;
				IPHONEOS_DEPLOYMENT_TARGET = 14.5;
				MTL_ENABLE_DEBUG_INFO = NO;
				MTL_FAST_MATH = YES;
				SDKROOT = iphoneos;
				SWIFT_COMPILATION_MODE = wholemodule;
				SWIFT_OPTIMIZATION_LEVEL = "-O";
				VALIDATE_PRODUCT = YES;
			};
			name = Release;
		};
		AA4DC217270051EC007604BC /* Debug */ = {
			isa = XCBuildConfiguration;
			buildSettings = {
				ASSETCATALOG_COMPILER_APPICON_NAME = AppIcon;
				ASSETCATALOG_COMPILER_GLOBAL_ACCENT_COLOR_NAME = AccentColor;
				CODE_SIGN_STYLE = Automatic;
				DEVELOPMENT_TEAM = N4XRA38758;
				INFOPLIST_FILE = Messenger/Info.plist;
				LD_RUNPATH_SEARCH_PATHS = (
					"$(inherited)",
					"@executable_path/Frameworks",
				);
				PRODUCT_BUNDLE_IDENTIFIER = TranLe.Apple.Messenger;
				PRODUCT_NAME = "$(TARGET_NAME)";
				SWIFT_VERSION = 5.0;
				TARGETED_DEVICE_FAMILY = "1,2";
			};
			name = Debug;
		};
		AA4DC218270051EC007604BC /* Release */ = {
			isa = XCBuildConfiguration;
			buildSettings = {
				ASSETCATALOG_COMPILER_APPICON_NAME = AppIcon;
				ASSETCATALOG_COMPILER_GLOBAL_ACCENT_COLOR_NAME = AccentColor;
				CODE_SIGN_STYLE = Automatic;
				DEVELOPMENT_TEAM = N4XRA38758;
				INFOPLIST_FILE = Messenger/Info.plist;
				LD_RUNPATH_SEARCH_PATHS = (
					"$(inherited)",
					"@executable_path/Frameworks",
				);
				PRODUCT_BUNDLE_IDENTIFIER = TranLe.Apple.Messenger;
				PRODUCT_NAME = "$(TARGET_NAME)";
				SWIFT_VERSION = 5.0;
				TARGETED_DEVICE_FAMILY = "1,2";
			};
			name = Release;
		};
/* End XCBuildConfiguration section */

/* Begin XCConfigurationList section */
		AA4DC1FD270051E8007604BC /* Build configuration list for PBXProject "Messenger" */ = {
			isa = XCConfigurationList;
			buildConfigurations = (
				AA4DC214270051EC007604BC /* Debug */,
				AA4DC215270051EC007604BC /* Release */,
			);
			defaultConfigurationIsVisible = 0;
			defaultConfigurationName = Release;
		};
		AA4DC216270051EC007604BC /* Build configuration list for PBXNativeTarget "Messenger" */ = {
			isa = XCConfigurationList;
			buildConfigurations = (
				AA4DC217270051EC007604BC /* Debug */,
				AA4DC218270051EC007604BC /* Release */,
			);
			defaultConfigurationIsVisible = 0;
			defaultConfigurationName = Release;
		};
/* End XCConfigurationList section */
	};
	rootObject = AA4DC1FA270051E7007604BC /* Project object */;
}
